
Microsoft Visual Studio Solution File, Format Version 12.00
# Visual Studio Version 17
VisualStudioVersion = 17.0.31912.275
MinimumVisualStudioVersion = 10.0.40219.1
Project("{2150E333-8FDC-42A3-9474-1A3956D46DE8}") = "src", "src", "{BCE9A74F-801C-48FC-9287-AD16E411B8CF}"
EndProject
Project("{2150E333-8FDC-42A3-9474-1A3956D46DE8}") = "test", "test", "{34208737-1795-4742-BF01-CB60DE8266B6}"
EndProject
Project("{2150E333-8FDC-42A3-9474-1A3956D46DE8}") = "API", "API", "{67345026-44BE-4010-9FC3-A3D5E8061C9D}"
EndProject
Project("{2150E333-8FDC-42A3-9474-1A3956D46DE8}") = "Core", "Core", "{4CB5D82C-1BB7-4EBD-AD50-F0B6DDB5FD30}"
EndProject
Project("{2150E333-8FDC-42A3-9474-1A3956D46DE8}") = "Infrastructure", "Infrastructure", "{1EE41232-CDF5-48BF-A7BA-369E94C27713}"
EndProject
Project("{2150E333-8FDC-42A3-9474-1A3956D46DE8}") = "UI", "UI", "{B10F4F05-01D7-4F47-9D15-4706E45DC7B5}"
EndProject
Project("{9A19103F-16F7-4668-BE54-9A1E7A4F7556}") = "TravelOoty.Domain", "TravelOoty.Domain\TravelOoty.Domain.csproj", "{3B7F3BF7-C6F4-40EB-ADE7-5164AD602100}"
EndProject
Project("{9A19103F-16F7-4668-BE54-9A1E7A4F7556}") = "TravelOoty.Application", "TravelOoty.Application\TravelOoty.Application.csproj", "{838797FC-73F5-478D-BB8E-56FFD8D803A8}"
EndProject
Project("{9A19103F-16F7-4668-BE54-9A1E7A4F7556}") = "TravelOoty.Persistance", "TravelOoty.Persistance\TravelOoty.Persistance.csproj", "{041C5ECF-51FC-4D3B-B80C-4B0A22EC60DC}"
EndProject
Project("{9A19103F-16F7-4668-BE54-9A1E7A4F7556}") = "TravelOoty.Infrastructure", "TravelOoty.Infrastructure\TravelOoty.Infrastructure.csproj", "{B66C3633-023E-4B86-AD15-06EBE3413E55}"
EndProject
Project("{9A19103F-16F7-4668-BE54-9A1E7A4F7556}") = "TravelOoty.API", "TravelOoty.API\TravelOoty.API.csproj", "{2F762FD1-6B16-420D-AF28-2CDD2B59A64F}"
EndProject
Project("{9A19103F-16F7-4668-BE54-9A1E7A4F7556}") = "TravelOoty.Application.UnitTests", "TravelOoty.Application.UnitTests\TravelOoty.Application.UnitTests.csproj", "{1E89E61D-148E-4D05-BCF2-97CEBC04249D}"
EndProject
Project("{9A19103F-16F7-4668-BE54-9A1E7A4F7556}") = "TravelOoty.API.Integration.Tests", "TravelOoty.Persistance.Integration.Tests\TravelOoty.API.Integration.Tests.csproj", "{1D3B47E2-57D7-45A6-960E-E161C95F2E36}"
EndProject
Project("{9A19103F-16F7-4668-BE54-9A1E7A4F7556}") = "TravelOoty.Persistance.IntegrationTests", "TravelOoty.Persistance.IntegrationTests\TravelOoty.Persistance.IntegrationTests.csproj", "{FBB68C95-E0D0-477E-A92A-C3AD83D2D5C5}"
EndProject
Project("{9A19103F-16F7-4668-BE54-9A1E7A4F7556}") = "TravelOoty.Identity", "TravelOoty.Identity\TravelOoty.Identity.csproj", "{898D9565-822B-47C3-A06E-156F8E3354E1}"
EndProject
Global
	GlobalSection(SolutionConfigurationPlatforms) = preSolution
		Debug|Any CPU = Debug|Any CPU
		Release|Any CPU = Release|Any CPU
	EndGlobalSection
	GlobalSection(ProjectConfigurationPlatforms) = postSolution
		{3B7F3BF7-C6F4-40EB-ADE7-5164AD602100}.Debug|Any CPU.ActiveCfg = Debug|Any CPU
		{3B7F3BF7-C6F4-40EB-ADE7-5164AD602100}.Debug|Any CPU.Build.0 = Debug|Any CPU
		{3B7F3BF7-C6F4-40EB-ADE7-5164AD602100}.Release|Any CPU.ActiveCfg = Release|Any CPU
		{3B7F3BF7-C6F4-40EB-ADE7-5164AD602100}.Release|Any CPU.Build.0 = Release|Any CPU
		{838797FC-73F5-478D-BB8E-56FFD8D803A8}.Debug|Any CPU.ActiveCfg = Debug|Any CPU
		{838797FC-73F5-478D-BB8E-56FFD8D803A8}.Debug|Any CPU.Build.0 = Debug|Any CPU
		{838797FC-73F5-478D-BB8E-56FFD8D803A8}.Release|Any CPU.ActiveCfg = Release|Any CPU
		{838797FC-73F5-478D-BB8E-56FFD8D803A8}.Release|Any CPU.Build.0 = Release|Any CPU
		{041C5ECF-51FC-4D3B-B80C-4B0A22EC60DC}.Debug|Any CPU.ActiveCfg = Debug|Any CPU
		{041C5ECF-51FC-4D3B-B80C-4B0A22EC60DC}.Debug|Any CPU.Build.0 = Debug|Any CPU
		{041C5ECF-51FC-4D3B-B80C-4B0A22EC60DC}.Release|Any CPU.ActiveCfg = Release|Any CPU
		{041C5ECF-51FC-4D3B-B80C-4B0A22EC60DC}.Release|Any CPU.Build.0 = Release|Any CPU
		{B66C3633-023E-4B86-AD15-06EBE3413E55}.Debug|Any CPU.ActiveCfg = Debug|Any CPU
		{B66C3633-023E-4B86-AD15-06EBE3413E55}.Debug|Any CPU.Build.0 = Debug|Any CPU
		{B66C3633-023E-4B86-AD15-06EBE3413E55}.Release|Any CPU.ActiveCfg = Release|Any CPU
		{B66C3633-023E-4B86-AD15-06EBE3413E55}.Release|Any CPU.Build.0 = Release|Any CPU
		{2F762FD1-6B16-420D-AF28-2CDD2B59A64F}.Debug|Any CPU.ActiveCfg = Debug|Any CPU
		{2F762FD1-6B16-420D-AF28-2CDD2B59A64F}.Debug|Any CPU.Build.0 = Debug|Any CPU
		{2F762FD1-6B16-420D-AF28-2CDD2B59A64F}.Release|Any CPU.ActiveCfg = Release|Any CPU
		{2F762FD1-6B16-420D-AF28-2CDD2B59A64F}.Release|Any CPU.Build.0 = Release|Any CPU
		{1E89E61D-148E-4D05-BCF2-97CEBC04249D}.Debug|Any CPU.ActiveCfg = Debug|Any CPU
		{1E89E61D-148E-4D05-BCF2-97CEBC04249D}.Debug|Any CPU.Build.0 = Debug|Any CPU
		{1E89E61D-148E-4D05-BCF2-97CEBC04249D}.Release|Any CPU.ActiveCfg = Release|Any CPU
		{1E89E61D-148E-4D05-BCF2-97CEBC04249D}.Release|Any CPU.Build.0 = Release|Any CPU
		{1D3B47E2-57D7-45A6-960E-E161C95F2E36}.Debug|Any CPU.ActiveCfg = Debug|Any CPU
		{1D3B47E2-57D7-45A6-960E-E161C95F2E36}.Debug|Any CPU.Build.0 = Debug|Any CPU
		{1D3B47E2-57D7-45A6-960E-E161C95F2E36}.Release|Any CPU.ActiveCfg = Release|Any CPU
		{1D3B47E2-57D7-45A6-960E-E161C95F2E36}.Release|Any CPU.Build.0 = Release|Any CPU
		{FBB68C95-E0D0-477E-A92A-C3AD83D2D5C5}.Debug|Any CPU.ActiveCfg = Debug|Any CPU
		{FBB68C95-E0D0-477E-A92A-C3AD83D2D5C5}.Debug|Any CPU.Build.0 = Debug|Any CPU
		{FBB68C95-E0D0-477E-A92A-C3AD83D2D5C5}.Release|Any CPU.ActiveCfg = Release|Any CPU
		{FBB68C95-E0D0-477E-A92A-C3AD83D2D5C5}.Release|Any CPU.Build.0 = Release|Any CPU
		{898D9565-822B-47C3-A06E-156F8E3354E1}.Debug|Any CPU.ActiveCfg = Debug|Any CPU
		{898D9565-822B-47C3-A06E-156F8E3354E1}.Debug|Any CPU.Build.0 = Debug|Any CPU
		{898D9565-822B-47C3-A06E-156F8E3354E1}.Release|Any CPU.ActiveCfg = Release|Any CPU
		{898D9565-822B-47C3-A06E-156F8E3354E1}.Release|Any CPU.Build.0 = Release|Any CPU
	EndGlobalSection
	GlobalSection(SolutionProperties) = preSolution
		HideSolutionNode = FALSE
	EndGlobalSection
	GlobalSection(NestedProjects) = preSolution
		{67345026-44BE-4010-9FC3-A3D5E8061C9D} = {BCE9A74F-801C-48FC-9287-AD16E411B8CF}
		{4CB5D82C-1BB7-4EBD-AD50-F0B6DDB5FD30} = {BCE9A74F-801C-48FC-9287-AD16E411B8CF}
		{1EE41232-CDF5-48BF-A7BA-369E94C27713} = {BCE9A74F-801C-48FC-9287-AD16E411B8CF}
		{B10F4F05-01D7-4F47-9D15-4706E45DC7B5} = {BCE9A74F-801C-48FC-9287-AD16E411B8CF}
		{3B7F3BF7-C6F4-40EB-ADE7-5164AD602100} = {4CB5D82C-1BB7-4EBD-AD50-F0B6DDB5FD30}
		{838797FC-73F5-478D-BB8E-56FFD8D803A8} = {4CB5D82C-1BB7-4EBD-AD50-F0B6DDB5FD30}
		{041C5ECF-51FC-4D3B-B80C-4B0A22EC60DC} = {1EE41232-CDF5-48BF-A7BA-369E94C27713}
		{B66C3633-023E-4B86-AD15-06EBE3413E55} = {1EE41232-CDF5-48BF-A7BA-369E94C27713}
		{2F762FD1-6B16-420D-AF28-2CDD2B59A64F} = {67345026-44BE-4010-9FC3-A3D5E8061C9D}
		{1E89E61D-148E-4D05-BCF2-97CEBC04249D} = {34208737-1795-4742-BF01-CB60DE8266B6}
		{1D3B47E2-57D7-45A6-960E-E161C95F2E36} = {34208737-1795-4742-BF01-CB60DE8266B6}
		{FBB68C95-E0D0-477E-A92A-C3AD83D2D5C5} = {34208737-1795-4742-BF01-CB60DE8266B6}
		{898D9565-822B-47C3-A06E-156F8E3354E1} = {1EE41232-CDF5-48BF-A7BA-369E94C27713}
	EndGlobalSection
	GlobalSection(ExtensibilityGlobals) = postSolution
		SolutionGuid = {13028A46-6818-4812-9CAC-8E37C23ECB52}
	EndGlobalSection
EndGlobal
